
Microsoft Visual Studio Solution File, Format Version 12.00
# Visual Studio 15
VisualStudioVersion = 15.0.27004.2002
MinimumVisualStudioVersion = 10.0.40219.1
Project("{FAE04EC0-301F-11D3-BF4B-00C04F79EFBC}") = "BoxVolumeCalculaterWCFConsumer", "BoxVolumeCalculaterWCFConsumer\BoxVolumeCalculaterWCFConsumer.csproj", "{EBDA2525-8635-487D-BC3B-F8DCB478879E}"
EndProject
Global
	GlobalSection(SolutionConfigurationPlatforms) = preSolution
		Debug|Any CPU = Debug|Any CPU
		Release|Any CPU = Release|Any CPU
	EndGlobalSection
	GlobalSection(ProjectConfigurationPlatforms) = postSolution
		{EBDA2525-8635-487D-BC3B-F8DCB478879E}.Debug|Any CPU.ActiveCfg = Debug|Any CPU
		{EBDA2525-8635-487D-BC3B-F8DCB478879E}.Debug|Any CPU.Build.0 = Debug|Any CPU
		{EBDA2525-8635-487D-BC3B-F8DCB478879E}.Release|Any CPU.ActiveCfg = Release|Any CPU
		{EBDA2525-8635-487D-BC3B-F8DCB478879E}.Release|Any CPU.Build.0 = Release|Any CPU
	EndGlobalSection
	GlobalSection(SolutionProperties) = preSolution
		HideSolutionNode = FALSE
	EndGlobalSection
	GlobalSection(ExtensibilityGlobals) = postSolution
		SolutionGuid = {A1313C73-AC41-4EF6-B4B9-5F59487326DB}
	EndGlobalSection
EndGlobal
